// !$*UTF8*$!
{
	archiveVersion = 1;
	classes = {
	};
	objectVersion = 46;
	objects = {

/* Begin PBXBuildFile section */
		B60B86151C3406240012017D /* AppDelegate.swift in Sources */ = {isa = PBXBuildFile; fileRef = B60B86141C3406240012017D /* AppDelegate.swift */; };
		B60B86171C3406240012017D /* ViewController.swift in Sources */ = {isa = PBXBuildFile; fileRef = B60B86161C3406240012017D /* ViewController.swift */; };
		B60B861A1C3406240012017D /* Main.storyboard in Resources */ = {isa = PBXBuildFile; fileRef = B60B86181C3406240012017D /* Main.storyboard */; };
		B60B861C1C3406240012017D /* Assets.xcassets in Resources */ = {isa = PBXBuildFile; fileRef = B60B861B1C3406240012017D /* Assets.xcassets */; };
		B60B861F1C3406240012017D /* LaunchScreen.storyboard in Resources */ = {isa = PBXBuildFile; fileRef = B60B861D1C3406240012017D /* LaunchScreen.storyboard */; };
		B60B862D1C3406790012017D /* AppDelegate.swift in Sources */ = {isa = PBXBuildFile; fileRef = B60B862C1C3406790012017D /* AppDelegate.swift */; };
		B60B862F1C3406790012017D /* MacViewController.swift in Sources */ = {isa = PBXBuildFile; fileRef = B60B862E1C3406790012017D /* MacViewController.swift */; };
		B60B86311C3406790012017D /* Assets.xcassets in Resources */ = {isa = PBXBuildFile; fileRef = B60B86301C3406790012017D /* Assets.xcassets */; };
		B60B86341C3406790012017D /* MainMac.storyboard in Resources */ = {isa = PBXBuildFile; fileRef = B60B86321C3406790012017D /* MainMac.storyboard */; };
		B60B863A1C3406DD0012017D /* PushButtonView.swift in Sources */ = {isa = PBXBuildFile; fileRef = B60B86391C3406DD0012017D /* PushButtonView.swift */; };
		B60B863C1C3412150012017D /* PushButtonNSView.swift in Sources */ = {isa = PBXBuildFile; fileRef = B60B863B1C3412150012017D /* PushButtonNSView.swift */; };
		B60B86401C3415460012017D /* TypeAliasShared.swift in Sources */ = {isa = PBXBuildFile; fileRef = B60B863F1C3415460012017D /* TypeAliasShared.swift */; };
		B60B86421C3418790012017D /* SharedDraw.swift in Sources */ = {isa = PBXBuildFile; fileRef = B60B86411C3418790012017D /* SharedDraw.swift */; };
		B60B86431C3418840012017D /* SharedDraw.swift in Sources */ = {isa = PBXBuildFile; fileRef = B60B86411C3418790012017D /* SharedDraw.swift */; };
		B60B86441C3419C00012017D /* TypeAliasShared.swift in Sources */ = {isa = PBXBuildFile; fileRef = B60B863F1C3415460012017D /* TypeAliasShared.swift */; };
		B60B86481C3424970012017D /* CounterView.swift in Sources */ = {isa = PBXBuildFile; fileRef = B60B86471C3424970012017D /* CounterView.swift */; };
		B60B864A1C3429FD0012017D /* CounterNSView.swift in Sources */ = {isa = PBXBuildFile; fileRef = B60B86491C3429FD0012017D /* CounterNSView.swift */; };
		B6FBB4DD1C39CFAF00DE2E4A /* GraphView.swift in Sources */ = {isa = PBXBuildFile; fileRef = B6FBB4DC1C39CFAF00DE2E4A /* GraphView.swift */; };
/* End PBXBuildFile section */

/* Begin PBXFileReference section */
		B60B86111C3406240012017D /* RW-CoreGraphics.app */ = {isa = PBXFileReference; explicitFileType = wrapper.application; includeInIndex = 0; path = "RW-CoreGraphics.app"; sourceTree = BUILT_PRODUCTS_DIR; };
		B60B86141C3406240012017D /* AppDelegate.swift */ = {isa = PBXFileReference; lastKnownFileType = sourcecode.swift; path = AppDelegate.swift; sourceTree = "<group>"; };
		B60B86161C3406240012017D /* ViewController.swift */ = {isa = PBXFileReference; lastKnownFileType = sourcecode.swift; path = ViewController.swift; sourceTree = "<group>"; };
		B60B86191C3406240012017D /* Base */ = {isa = PBXFileReference; lastKnownFileType = file.storyboard; name = Base; path = Base.lproj/Main.storyboard; sourceTree = "<group>"; };
		B60B861B1C3406240012017D /* Assets.xcassets */ = {isa = PBXFileReference; lastKnownFileType = folder.assetcatalog; path = Assets.xcassets; sourceTree = "<group>"; };
		B60B861E1C3406240012017D /* Base */ = {isa = PBXFileReference; lastKnownFileType = file.storyboard; name = Base; path = Base.lproj/LaunchScreen.storyboard; sourceTree = "<group>"; };
		B60B86201C3406240012017D /* Info.plist */ = {isa = PBXFileReference; lastKnownFileType = text.plist.xml; path = Info.plist; sourceTree = "<group>"; };
		B60B862A1C3406790012017D /* RW-CoreGraphicsMac.app */ = {isa = PBXFileReference; explicitFileType = wrapper.application; includeInIndex = 0; path = "RW-CoreGraphicsMac.app"; sourceTree = BUILT_PRODUCTS_DIR; };
		B60B862C1C3406790012017D /* AppDelegate.swift */ = {isa = PBXFileReference; lastKnownFileType = sourcecode.swift; path = AppDelegate.swift; sourceTree = "<group>"; };
		B60B862E1C3406790012017D /* MacViewController.swift */ = {isa = PBXFileReference; lastKnownFileType = sourcecode.swift; path = MacViewController.swift; sourceTree = "<group>"; };
		B60B86301C3406790012017D /* Assets.xcassets */ = {isa = PBXFileReference; lastKnownFileType = folder.assetcatalog; path = Assets.xcassets; sourceTree = "<group>"; };
		B60B86331C3406790012017D /* Base */ = {isa = PBXFileReference; lastKnownFileType = file.storyboard; name = Base; path = Base.lproj/MainMac.storyboard; sourceTree = "<group>"; };
		B60B86351C3406790012017D /* Info.plist */ = {isa = PBXFileReference; lastKnownFileType = text.plist.xml; path = Info.plist; sourceTree = "<group>"; };
		B60B86391C3406DD0012017D /* PushButtonView.swift */ = {isa = PBXFileReference; fileEncoding = 4; lastKnownFileType = sourcecode.swift; path = PushButtonView.swift; sourceTree = "<group>"; };
		B60B863B1C3412150012017D /* PushButtonNSView.swift */ = {isa = PBXFileReference; fileEncoding = 4; lastKnownFileType = sourcecode.swift; path = PushButtonNSView.swift; sourceTree = "<group>"; };
		B60B863F1C3415460012017D /* TypeAliasShared.swift */ = {isa = PBXFileReference; fileEncoding = 4; lastKnownFileType = sourcecode.swift; path = TypeAliasShared.swift; sourceTree = "<group>"; };
		B60B86411C3418790012017D /* SharedDraw.swift */ = {isa = PBXFileReference; fileEncoding = 4; lastKnownFileType = sourcecode.swift; path = SharedDraw.swift; sourceTree = "<group>"; };
		B60B86471C3424970012017D /* CounterView.swift */ = {isa = PBXFileReference; fileEncoding = 4; lastKnownFileType = sourcecode.swift; path = CounterView.swift; sourceTree = "<group>"; };
		B60B86491C3429FD0012017D /* CounterNSView.swift */ = {isa = PBXFileReference; fileEncoding = 4; lastKnownFileType = sourcecode.swift; path = CounterNSView.swift; sourceTree = "<group>"; };
		B6FBB4DC1C39CFAF00DE2E4A /* GraphView.swift */ = {isa = PBXFileReference; fileEncoding = 4; lastKnownFileType = sourcecode.swift; path = GraphView.swift; sourceTree = "<group>"; };
/* End PBXFileReference section */

/* Begin PBXFrameworksBuildPhase section */
		B60B860E1C3406240012017D /* Frameworks */ = {
			isa = PBXFrameworksBuildPhase;
			buildActionMask = 2147483647;
			files = (
			);
			runOnlyForDeploymentPostprocessing = 0;
		};
		B60B86271C3406790012017D /* Frameworks */ = {
			isa = PBXFrameworksBuildPhase;
			buildActionMask = 2147483647;
			files = (
			);
			runOnlyForDeploymentPostprocessing = 0;
		};
/* End PBXFrameworksBuildPhase section */

/* Begin PBXGroup section */
		B60B86081C3406240012017D = {
			isa = PBXGroup;
			children = (
				B60B86131C3406240012017D /* RW-CoreGraphics */,
				B60B862B1C3406790012017D /* RW-CoreGraphicsMac */,
				B60B863E1C3415080012017D /* Shared */,
				B60B863D1C3414F10012017D /* SharedCore */,
				B60B86121C3406240012017D /* Products */,
			);
			sourceTree = "<group>";
		};
		B60B86121C3406240012017D /* Products */ = {
			isa = PBXGroup;
			children = (
				B60B86111C3406240012017D /* RW-CoreGraphics.app */,
				B60B862A1C3406790012017D /* RW-CoreGraphicsMac.app */,
			);
			name = Products;
			sourceTree = "<group>";
		};
		B60B86131C3406240012017D /* RW-CoreGraphics */ = {
			isa = PBXGroup;
			children = (
				B60B86471C3424970012017D /* CounterView.swift */,
				B60B86181C3406240012017D /* Main.storyboard */,
				B60B86391C3406DD0012017D /* PushButtonView.swift */,
				B60B86161C3406240012017D /* ViewController.swift */,
				B60B86451C3424310012017D /* App */,
				B6FBB4DC1C39CFAF00DE2E4A /* GraphView.swift */,
			);
			path = "RW-CoreGraphics";
			sourceTree = "<group>";
		};
		B60B862B1C3406790012017D /* RW-CoreGraphicsMac */ = {
			isa = PBXGroup;
			children = (
				B60B86491C3429FD0012017D /* CounterNSView.swift */,
				B60B862E1C3406790012017D /* MacViewController.swift */,
				B60B86321C3406790012017D /* MainMac.storyboard */,
				B60B863B1C3412150012017D /* PushButtonNSView.swift */,
				B60B86461C3424480012017D /* App */,
			);
			path = "RW-CoreGraphicsMac";
			sourceTree = "<group>";
		};
		B60B863D1C3414F10012017D /* SharedCore */ = {
			isa = PBXGroup;
			children = (
				B60B863F1C3415460012017D /* TypeAliasShared.swift */,
			);
			path = SharedCore;
			sourceTree = "<group>";
		};
		B60B863E1C3415080012017D /* Shared */ = {
			isa = PBXGroup;
			children = (
				B60B86411C3418790012017D /* SharedDraw.swift */,
			);
			path = Shared;
			sourceTree = "<group>";
		};
		B60B86451C3424310012017D /* App */ = {
			isa = PBXGroup;
			children = (
				B60B86141C3406240012017D /* AppDelegate.swift */,
				B60B861B1C3406240012017D /* Assets.xcassets */,
				B60B861D1C3406240012017D /* LaunchScreen.storyboard */,
				B60B86201C3406240012017D /* Info.plist */,
			);
			name = App;
			sourceTree = "<group>";
		};
		B60B86461C3424480012017D /* App */ = {
			isa = PBXGroup;
			children = (
				B60B862C1C3406790012017D /* AppDelegate.swift */,
				B60B86301C3406790012017D /* Assets.xcassets */,
				B60B86351C3406790012017D /* Info.plist */,
			);
			name = App;
			sourceTree = "<group>";
		};
/* End PBXGroup section */

/* Begin PBXNativeTarget section */
		B60B86101C3406240012017D /* RW-CoreGraphics */ = {
			isa = PBXNativeTarget;
			buildConfigurationList = B60B86231C3406240012017D /* Build configuration list for PBXNativeTarget "RW-CoreGraphics" */;
			buildPhases = (
				B60B860D1C3406240012017D /* Sources */,
				B60B860E1C3406240012017D /* Frameworks */,
				B60B860F1C3406240012017D /* Resources */,
			);
			buildRules = (
			);
			dependencies = (
			);
			name = "RW-CoreGraphics";
			productName = "RW-CoreGraphics";
			productReference = B60B86111C3406240012017D /* RW-CoreGraphics.app */;
			productType = "com.apple.product-type.application";
		};
		B60B86291C3406790012017D /* RW-CoreGraphicsMac */ = {
			isa = PBXNativeTarget;
			buildConfigurationList = B60B86361C3406790012017D /* Build configuration list for PBXNativeTarget "RW-CoreGraphicsMac" */;
			buildPhases = (
				B60B86261C3406790012017D /* Sources */,
				B60B86271C3406790012017D /* Frameworks */,
				B60B86281C3406790012017D /* Resources */,
			);
			buildRules = (
			);
			dependencies = (
			);
			name = "RW-CoreGraphicsMac";
			productName = "RW-CoreGraphicsMac";
			productReference = B60B862A1C3406790012017D /* RW-CoreGraphicsMac.app */;
			productType = "com.apple.product-type.application";
		};
/* End PBXNativeTarget section */

/* Begin PBXProject section */
		B60B86091C3406240012017D /* Project object */ = {
			isa = PBXProject;
			attributes = {
				LastSwiftUpdateCheck = 0720;
				LastUpgradeCheck = 0720;
				ORGANIZATIONNAME = "Eric Elfner";
				TargetAttributes = {
					B60B86101C3406240012017D = {
						CreatedOnToolsVersion = 7.2;
					};
					B60B86291C3406790012017D = {
						CreatedOnToolsVersion = 7.2;
					};
				};
			};
			buildConfigurationList = B60B860C1C3406240012017D /* Build configuration list for PBXProject "RW-CoreGraphics" */;
			compatibilityVersion = "Xcode 3.2";
			developmentRegion = English;
			hasScannedForEncodings = 0;
			knownRegions = (
				en,
				Base,
			);
			mainGroup = B60B86081C3406240012017D;
			productRefGroup = B60B86121C3406240012017D /* Products */;
			projectDirPath = "";
			projectRoot = "";
			targets = (
				B60B86101C3406240012017D /* RW-CoreGraphics */,
				B60B86291C3406790012017D /* RW-CoreGraphicsMac */,
			);
		};
/* End PBXProject section */

/* Begin PBXResourcesBuildPhase section */
		B60B860F1C3406240012017D /* Resources */ = {
			isa = PBXResourcesBuildPhase;
			buildActionMask = 2147483647;
			files = (
				B60B861F1C3406240012017D /* LaunchScreen.storyboard in Resources */,
				B60B861C1C3406240012017D /* Assets.xcassets in Resources */,
				B60B861A1C3406240012017D /* Main.storyboard in Resources */,
			);
			runOnlyForDeploymentPostprocessing = 0;
		};
		B60B86281C3406790012017D /* Resources */ = {
			isa = PBXResourcesBuildPhase;
			buildActionMask = 2147483647;
			files = (
				B60B86311C3406790012017D /* Assets.xcassets in Resources */,
				B60B86341C3406790012017D /* MainMac.storyboard in Resources */,
			);
			runOnlyForDeploymentPostprocessing = 0;
		};
/* End PBXResourcesBuildPhase section */

/* Begin PBXSourcesBuildPhase section */
		B60B860D1C3406240012017D /* Sources */ = {
			isa = PBXSourcesBuildPhase;
			buildActionMask = 2147483647;
			files = (
				B60B86171C3406240012017D /* ViewController.swift in Sources */,
				B60B86441C3419C00012017D /* TypeAliasShared.swift in Sources */,
				B6FBB4DD1C39CFAF00DE2E4A /* GraphView.swift in Sources */,
				B60B86431C3418840012017D /* SharedDraw.swift in Sources */,
				B60B863A1C3406DD0012017D /* PushButtonView.swift in Sources */,
				B60B86151C3406240012017D /* AppDelegate.swift in Sources */,
				B60B86481C3424970012017D /* CounterView.swift in Sources */,
			);
			runOnlyForDeploymentPostprocessing = 0;
		};
		B60B86261C3406790012017D /* Sources */ = {
			isa = PBXSourcesBuildPhase;
			buildActionMask = 2147483647;
			files = (
				B60B86401C3415460012017D /* TypeAliasShared.swift in Sources */,
				B60B86421C3418790012017D /* SharedDraw.swift in Sources */,
				B60B862F1C3406790012017D /* MacViewController.swift in Sources */,
				B60B863C1C3412150012017D /* PushButtonNSView.swift in Sources */,
				B60B864A1C3429FD0012017D /* CounterNSView.swift in Sources */,
				B60B862D1C3406790012017D /* AppDelegate.swift in Sources */,
			);
			runOnlyForDeploymentPostprocessing = 0;
		};
/* End PBXSourcesBuildPhase section */

/* Begin PBXVariantGroup section */
		B60B86181C3406240012017D /* Main.storyboard */ = {
			isa = PBXVariantGroup;
			children = (
				B60B86191C3406240012017D /* Base */,
			);
			name = Main.storyboard;
			sourceTree = "<group>";
		};
		B60B861D1C3406240012017D /* LaunchScreen.storyboard */ = {
			isa = PBXVariantGroup;
			children = (
				B60B861E1C3406240012017D /* Base */,
			);
			name = LaunchScreen.storyboard;
			sourceTree = "<group>";
		};
		B60B86321C3406790012017D /* MainMac.storyboard */ = {
			isa = PBXVariantGroup;
			children = (
				B60B86331C3406790012017D /* Base */,
			);
			name = MainMac.storyboard;
			sourceTree = "<group>";
		};
/* End PBXVariantGroup section */

/* Begin XCBuildConfiguration section */
		B60B86211C3406240012017D /* Debug */ = {
			isa = XCBuildConfiguration;
			buildSettings = {
				ALWAYS_SEARCH_USER_PATHS = NO;
				CLANG_CXX_LANGUAGE_STANDARD = "gnu++0x";
				CLANG_CXX_LIBRARY = "libc++";
				CLANG_ENABLE_MODULES = YES;
				CLANG_ENABLE_OBJC_ARC = YES;
				CLANG_WARN_BOOL_CONVERSION = YES;
				CLANG_WARN_CONSTANT_CONVERSION = YES;
				CLANG_WARN_DIRECT_OBJC_ISA_USAGE = YES_ERROR;
				CLANG_WARN_EMPTY_BODY = YES;
				CLANG_WARN_ENUM_CONVERSION = YES;
				CLANG_WARN_INT_CONVERSION = YES;
				CLANG_WARN_OBJC_ROOT_CLASS = YES_ERROR;
				CLANG_WARN_UNREACHABLE_CODE = YES;
				CLANG_WARN__DUPLICATE_METHOD_MATCH = YES;
				"CODE_SIGN_IDENTITY[sdk=iphoneos*]" = "iPhone Developer";
				COPY_PHASE_STRIP = NO;
				DEBUG_INFORMATION_FORMAT = dwarf;
				ENABLE_STRICT_OBJC_MSGSEND = YES;
				ENABLE_TESTABILITY = YES;
				GCC_C_LANGUAGE_STANDARD = gnu99;
				GCC_DYNAMIC_NO_PIC = NO;
				GCC_NO_COMMON_BLOCKS = YES;
				GCC_OPTIMIZATION_LEVEL = 0;
				GCC_PREPROCESSOR_DEFINITIONS = (
					"DEBUG=1",
					"$(inherited)",
				);
				GCC_WARN_64_TO_32_BIT_CONVERSION = YES;
				GCC_WARN_ABOUT_RETURN_TYPE = YES_ERROR;
				GCC_WARN_UNDECLARED_SELECTOR = YES;
				GCC_WARN_UNINITIALIZED_AUTOS = YES_AGGRESSIVE;
				GCC_WARN_UNUSED_FUNCTION = YES;
				GCC_WARN_UNUSED_VARIABLE = YES;
				IPHONEOS_DEPLOYMENT_TARGET = 9.2;
				MTL_ENABLE_DEBUG_INFO = YES;
				ONLY_ACTIVE_ARCH = YES;
				SDKROOT = iphoneos;
				SWIFT_OPTIMIZATION_LEVEL = "-Onone";
				TARGETED_DEVICE_FAMILY = "1,2";
			};
			name = Debug;
		};
		B60B86221C3406240012017D /* Release */ = {
			isa = XCBuildConfiguration;
			buildSettings = {
				ALWAYS_SEARCH_USER_PATHS = NO;
				CLANG_CXX_LANGUAGE_STANDARD = "gnu++0x";
				CLANG_CXX_LIBRARY = "libc++";
				CLANG_ENABLE_MODULES = YES;
				CLANG_ENABLE_OBJC_ARC = YES;
				CLANG_WARN_BOOL_CONVERSION = YES;
				CLANG_WARN_CONSTANT_CONVERSION = YES;
				CLANG_WARN_DIRECT_OBJC_ISA_USAGE = YES_ERROR;
				CLANG_WARN_EMPTY_BODY = YES;
				CLANG_WARN_ENUM_CONVERSION = YES;
				CLANG_WARN_INT_CONVERSION = YES;
				CLANG_WARN_OBJC_ROOT_CLASS = YES_ERROR;
				CLANG_WARN_UNREACHABLE_CODE = YES;
				CLANG_WARN__DUPLICATE_METHOD_MATCH = YES;
				"CODE_SIGN_IDENTITY[sdk=iphoneos*]" = "iPhone Developer";
				COPY_PHASE_STRIP = NO;
				DEBUG_INFORMATION_FORMAT = "dwarf-with-dsym";
				ENABLE_NS_ASSERTIONS = NO;
				ENABLE_STRICT_OBJC_MSGSEND = YES;
				GCC_C_LANGUAGE_STANDARD = gnu99;
				GCC_NO_COMMON_BLOCKS = YES;
				GCC_WARN_64_TO_32_BIT_CONVERSION = YES;
				GCC_WARN_ABOUT_RETURN_TYPE = YES_ERROR;
				GCC_WARN_UNDECLARED_SELECTOR = YES;
				GCC_WARN_UNINITIALIZED_AUTOS = YES_AGGRESSIVE;
				GCC_WARN_UNUSED_FUNCTION = YES;
				GCC_WARN_UNUSED_VARIABLE = YES;
				IPHONEOS_DEPLOYMENT_TARGET = 9.2;
				MTL_ENABLE_DEBUG_INFO = NO;
				SDKROOT = iphoneos;
				TARGETED_DEVICE_FAMILY = "1,2";
				VALIDATE_PRODUCT = YES;
			};
			name = Release;
		};
		B60B86241C3406240012017D /* Debug */ = {
			isa = XCBuildConfiguration;
			buildSettings = {
				ASSETCATALOG_COMPILER_APPICON_NAME = AppIcon;
				INFOPLIST_FILE = "RW-CoreGraphics/Info.plist";
				IPHONEOS_DEPLOYMENT_TARGET = 9.0;
				LD_RUNPATH_SEARCH_PATHS = "$(inherited) @executable_path/Frameworks";
				PRODUCT_BUNDLE_IDENTIFIER = "com.zcage.RW-CoreGraphics";
				PRODUCT_NAME = "$(TARGET_NAME)";
			};
			name = Debug;
		};
		B60B86251C3406240012017D /* Release */ = {
			isa = XCBuildConfiguration;
			buildSettings = {
				ASSETCATALOG_COMPILER_APPICON_NAME = AppIcon;
				INFOPLIST_FILE = "RW-CoreGraphics/Info.plist";
				IPHONEOS_DEPLOYMENT_TARGET = 9.0;
				LD_RUNPATH_SEARCH_PATHS = "$(inherited) @executable_path/Frameworks";
				PRODUCT_BUNDLE_IDENTIFIER = "com.zcage.RW-CoreGraphics";
				PRODUCT_NAME = "$(TARGET_NAME)";
			};
			name = Release;
		};
		B60B86371C3406790012017D /* Debug */ = {
			isa = XCBuildConfiguration;
			buildSettings = {
				ASSETCATALOG_COMPILER_APPICON_NAME = AppIcon;
				CODE_SIGN_IDENTITY = "-";
				COMBINE_HIDPI_IMAGES = YES;
				INFOPLIST_FILE = "RW-CoreGraphicsMac/Info.plist";
				LD_RUNPATH_SEARCH_PATHS = "$(inherited) @executable_path/../Frameworks";
				MACOSX_DEPLOYMENT_TARGET = 10.9;
				PRODUCT_BUNDLE_IDENTIFIER = "com.zcage.RW-CoreGraphicsMac";
				PRODUCT_NAME = "$(TARGET_NAME)";
				SDKROOT = macosx;
			};
			name = Debug;
		};
		B60B86381C3406790012017D /* Release */ = {
			isa = XCBuildConfiguration;
			buildSettings = {
				ASSETCATALOG_COMPILER_APPICON_NAME = AppIcon;
				CODE_SIGN_IDENTITY = "-";
				COMBINE_HIDPI_IMAGES = YES;
				INFOPLIST_FILE = "RW-CoreGraphicsMac/Info.plist";
				LD_RUNPATH_SEARCH_PATHS = "$(inherited) @executable_path/../Frameworks";
				MACOSX_DEPLOYMENT_TARGET = 10.9;
				PRODUCT_BUNDLE_IDENTIFIER = "com.zcage.RW-CoreGraphicsMac";
				PRODUCT_NAME = "$(TARGET_NAME)";
				SDKROOT = macosx;
			};
			name = Release;
		};
/* End XCBuildConfiguration section */

/* Begin XCConfigurationList section */
		B60B860C1C3406240012017D /* Build configuration list for PBXProject "RW-CoreGraphics" */ = {
			isa = XCConfigurationList;
			buildConfigurations = (
				B60B86211C3406240012017D /* Debug */,
				B60B86221C3406240012017D /* Release */,
			);
			defaultConfigurationIsVisible = 0;
			defaultConfigurationName = Release;
		};
		B60B86231C3406240012017D /* Build configuration list for PBXNativeTarget "RW-CoreGraphics" */ = {
			isa = XCConfigurationList;
			buildConfigurations = (
				B60B86241C3406240012017D /* Debug */,
				B60B86251C3406240012017D /* Release */,
			);
			defaultConfigurationIsVisible = 0;
			defaultConfigurationName = Release;
		};
		B60B86361C3406790012017D /* Build configuration list for PBXNativeTarget "RW-CoreGraphicsMac" */ = {
			isa = XCConfigurationList;
			buildConfigurations = (
				B60B86371C3406790012017D /* Debug */,
				B60B86381C3406790012017D /* Release */,
			);
			defaultConfigurationIsVisible = 0;
			defaultConfigurationName = Release;
		};
/* End XCConfigurationList section */
	};
	rootObject = B60B86091C3406240012017D /* Project object */;
}
